
Microsoft Visual Studio Solution File, Format Version 12.00
# Visual Studio Version 17
VisualStudioVersion = 17.3.32901.215
MinimumVisualStudioVersion = 10.0.40219.1
Project("{FAE04EC0-301F-11D3-BF4B-00C04F79EFBC}") = "Matveev_pp", "Matveev_pp\Matveev_pp.csproj", "{10439072-F791-4D4E-B720-1DFBF80A927C}"
EndProject
Project("{FAE04EC0-301F-11D3-BF4B-00C04F79EFBC}") = "Contracts", "Contracts\Contracts.csproj", "{929480B1-D3E5-456B-ACAB-2EB6394939A7}"
EndProject
Project("{FAE04EC0-301F-11D3-BF4B-00C04F79EFBC}") = "LoggerService", "LoggerService\LoggerService.csproj", "{59BD74DA-50B5-4F27-8D5A-10409971C0B6}"
EndProject
Global
	GlobalSection(SolutionConfigurationPlatforms) = preSolution
		Debug|Any CPU = Debug|Any CPU
		Release|Any CPU = Release|Any CPU
	EndGlobalSection
	GlobalSection(ProjectConfigurationPlatforms) = postSolution
		{10439072-F791-4D4E-B720-1DFBF80A927C}.Debug|Any CPU.ActiveCfg = Debug|Any CPU
		{10439072-F791-4D4E-B720-1DFBF80A927C}.Debug|Any CPU.Build.0 = Debug|Any CPU
		{10439072-F791-4D4E-B720-1DFBF80A927C}.Release|Any CPU.ActiveCfg = Release|Any CPU
		{10439072-F791-4D4E-B720-1DFBF80A927C}.Release|Any CPU.Build.0 = Release|Any CPU
		{929480B1-D3E5-456B-ACAB-2EB6394939A7}.Debug|Any CPU.ActiveCfg = Debug|Any CPU
		{929480B1-D3E5-456B-ACAB-2EB6394939A7}.Debug|Any CPU.Build.0 = Debug|Any CPU
		{929480B1-D3E5-456B-ACAB-2EB6394939A7}.Release|Any CPU.ActiveCfg = Release|Any CPU
		{929480B1-D3E5-456B-ACAB-2EB6394939A7}.Release|Any CPU.Build.0 = Release|Any CPU
		{59BD74DA-50B5-4F27-8D5A-10409971C0B6}.Debug|Any CPU.ActiveCfg = Debug|Any CPU
		{59BD74DA-50B5-4F27-8D5A-10409971C0B6}.Debug|Any CPU.Build.0 = Debug|Any CPU
		{59BD74DA-50B5-4F27-8D5A-10409971C0B6}.Release|Any CPU.ActiveCfg = Release|Any CPU
		{59BD74DA-50B5-4F27-8D5A-10409971C0B6}.Release|Any CPU.Build.0 = Release|Any CPU
	EndGlobalSection
	GlobalSection(SolutionProperties) = preSolution
		HideSolutionNode = FALSE
	EndGlobalSection
	GlobalSection(ExtensibilityGlobals) = postSolution
		SolutionGuid = {D6A40603-9033-444E-BD7C-7D2F38A041C4}
	EndGlobalSection
EndGlobal
